
Microsoft Visual Studio Solution File, Format Version 12.00
# Visual Studio 15
VisualStudioVersion = 15.0.26430.16
MinimumVisualStudioVersion = 10.0.40219.1
Project("{2150E333-8FDC-42A3-9474-1A3956D46DE8}") = "Networks", "Networks", "{0D96491B-CBF8-403A-9AE5-2A259A554ECD}"
EndProject
Project("{FAE04EC0-301F-11D3-BF4B-00C04F79EFBC}") = "Mozog.Utils", "Mozog.Utils\Mozog.Utils.csproj", "{47CB5C11-3DCE-4768-AB1F-FFC1CFD55167}"
EndProject
Project("{FAE04EC0-301F-11D3-BF4B-00C04F79EFBC}") = "Mozog.Utils.Tests", "Mozog.Utils.Tests\Mozog.Utils.Tests.csproj", "{F9D5C63A-0356-44EC-8DFC-DEA98AF42247}"
EndProject
Project("{FAE04EC0-301F-11D3-BF4B-00C04F79EFBC}") = "Mozog.Examples", "Mozog.Examples\Mozog.Examples.csproj", "{66EF9BBF-B079-469A-AE19-010556D4A8FD}"
EndProject
Project("{2150E333-8FDC-42A3-9474-1A3956D46DE8}") = "Learning", "Learning", "{255529A0-91B4-4FFA-9908-8C849104A796}"
EndProject
Project("{2150E333-8FDC-42A3-9474-1A3956D46DE8}") = "Metaheuristics", "Metaheuristics", "{ADAF62EC-106B-4477-883B-58FC44F7C0E3}"
EndProject
Project("{FAE04EC0-301F-11D3-BF4B-00C04F79EFBC}") = "AntColonyOptimization", "Metaheuristics\AntColonyOptimization\AntColonyOptimization.csproj", "{B9E7EB39-F473-4B70-B3D1-CE574BAED120}"
EndProject
Project("{FAE04EC0-301F-11D3-BF4B-00C04F79EFBC}") = "AntColonyOptimization.Examples", "Metaheuristics\AntColonyOptimization.Examples\AntColonyOptimization.Examples.csproj", "{61205A5B-1BDC-49F3-A1F5-981CA6DE7D0E}"
EndProject
Project("{FAE04EC0-301F-11D3-BF4B-00C04F79EFBC}") = "GeneticAlgorithm", "Metaheuristics\GeneticAlgorithm\GeneticAlgorithm.csproj", "{04CE86E3-CEEC-4CA7-A2DB-BA24F4430A64}"
EndProject
Project("{FAE04EC0-301F-11D3-BF4B-00C04F79EFBC}") = "GeneticAlgorithm.Examples", "Metaheuristics\GeneticAlgorithm.Examples\GeneticAlgorithm.Examples.csproj", "{8ACB1738-5DEC-4804-84FD-E39E498E3BB8}"
EndProject
Project("{FAE04EC0-301F-11D3-BF4B-00C04F79EFBC}") = "ParticleSwarmOptimization", "Metaheuristics\ParticleSwarmOptimization\ParticleSwarmOptimization.csproj", "{F9359228-D981-4F5A-B9A4-D178A8B371C1}"
EndProject
Project("{FAE04EC0-301F-11D3-BF4B-00C04F79EFBC}") = "ParticleSwarmOptimization.Examples", "Metaheuristics\ParticleSwarmOptimization.Examples\ParticleSwarmOptimization.Examples.csproj", "{4AB9B395-017A-494B-A685-985370374565}"
EndProject
Project("{FAE04EC0-301F-11D3-BF4B-00C04F79EFBC}") = "SimulatedAnnealing", "Metaheuristics\SimulatedAnnealing\SimulatedAnnealing.csproj", "{E5F97D52-C842-4376-935F-C8132805C735}"
EndProject
Project("{FAE04EC0-301F-11D3-BF4B-00C04F79EFBC}") = "SimulatedAnnealing.Examples", "Metaheuristics\SimulatedAnnealing.Examples\SimulatedAnnealing.Examples.csproj", "{0B06B5F6-8D8F-48E5-9A9E-6A4AFED09C54}"
EndProject
Project("{FAE04EC0-301F-11D3-BF4B-00C04F79EFBC}") = "MarketForecaster", "Networks\MarketForecaster\MarketForecaster.csproj", "{915AEBDD-F9C8-4C2C-A65F-889593332225}"
EndProject
Project("{FAE04EC0-301F-11D3-BF4B-00C04F79EFBC}") = "NeuralNetwork", "Networks\NeuralNetwork\NeuralNetwork.csproj", "{2A2E21B8-78F7-42BF-9351-97E611967BAF}"
EndProject
Project("{FAE04EC0-301F-11D3-BF4B-00C04F79EFBC}") = "NeuralNetwork.Examples", "Networks\NeuralNetwork.Examples\NeuralNetwork.Examples.csproj", "{6258AD12-418C-4461-BCC0-0A179B3EE954}"
EndProject
Project("{FAE04EC0-301F-11D3-BF4B-00C04F79EFBC}") = "NeuralNetwork.Training.Annealing", "Networks\NeuralNetwork.Training.Annealing\NeuralNetwork.Training.Annealing.csproj", "{3CB37780-6059-45EE-B1E4-49CB3BDEFF8A}"
EndProject
Project("{FAE04EC0-301F-11D3-BF4B-00C04F79EFBC}") = "NeuralNetwork.Training.Ants", "Networks\NeuralNetwork.Training.Ants\NeuralNetwork.Training.Ants.csproj", "{6278D0D9-5CF9-4CB4-A98E-2790A8C8BB27}"
EndProject
Project("{FAE04EC0-301F-11D3-BF4B-00C04F79EFBC}") = "NeuralNetwork.Training.Evolutionary", "Networks\NeuralNetwork.Training.Evolutionary\NeuralNetwork.Training.Evolutionary.csproj", "{F73F103B-AFD7-40CE-9829-673276A6843C}"
EndProject
Project("{FAE04EC0-301F-11D3-BF4B-00C04F79EFBC}") = "QLearning", "Learning\QLearning\QLearning.csproj", "{FD7FA0D4-F366-4C80-8015-FB6E898EA46A}"
EndProject
Project("{FAE04EC0-301F-11D3-BF4B-00C04F79EFBC}") = "QLearning.Examples", "Learning\QLearning.Examples\QLearning.Examples.csproj", "{B61C22E8-9395-4BB9-99BC-68A4220CD758}"
EndProject
Project("{FAE04EC0-301F-11D3-BF4B-00C04F79EFBC}") = "Mozog.Search", "Mozog.Search\Mozog.Search.csproj", "{B332B8EB-8F1E-41BC-A706-624123516A21}"
EndProject
Project("{FAE04EC0-301F-11D3-BF4B-00C04F79EFBC}") = "Mozog.Search.Examples", "Mozog.Search.Examples\Mozog.Search.Examples.csproj", "{5366826E-48BA-4B10-A95F-2A7A7332FCB0}"
EndProject
Global
	GlobalSection(SolutionConfigurationPlatforms) = preSolution
		Debug|Any CPU = Debug|Any CPU
		Release|Any CPU = Release|Any CPU
	EndGlobalSection
	GlobalSection(ProjectConfigurationPlatforms) = postSolution
		{47CB5C11-3DCE-4768-AB1F-FFC1CFD55167}.Debug|Any CPU.ActiveCfg = Debug|Any CPU
		{47CB5C11-3DCE-4768-AB1F-FFC1CFD55167}.Debug|Any CPU.Build.0 = Debug|Any CPU
		{47CB5C11-3DCE-4768-AB1F-FFC1CFD55167}.Release|Any CPU.ActiveCfg = Release|Any CPU
		{47CB5C11-3DCE-4768-AB1F-FFC1CFD55167}.Release|Any CPU.Build.0 = Release|Any CPU
		{F9D5C63A-0356-44EC-8DFC-DEA98AF42247}.Debug|Any CPU.ActiveCfg = Debug|Any CPU
		{F9D5C63A-0356-44EC-8DFC-DEA98AF42247}.Debug|Any CPU.Build.0 = Debug|Any CPU
		{F9D5C63A-0356-44EC-8DFC-DEA98AF42247}.Release|Any CPU.ActiveCfg = Release|Any CPU
		{F9D5C63A-0356-44EC-8DFC-DEA98AF42247}.Release|Any CPU.Build.0 = Release|Any CPU
		{66EF9BBF-B079-469A-AE19-010556D4A8FD}.Debug|Any CPU.ActiveCfg = Debug|Any CPU
		{66EF9BBF-B079-469A-AE19-010556D4A8FD}.Debug|Any CPU.Build.0 = Debug|Any CPU
		{66EF9BBF-B079-469A-AE19-010556D4A8FD}.Release|Any CPU.ActiveCfg = Release|Any CPU
		{66EF9BBF-B079-469A-AE19-010556D4A8FD}.Release|Any CPU.Build.0 = Release|Any CPU
		{B9E7EB39-F473-4B70-B3D1-CE574BAED120}.Debug|Any CPU.ActiveCfg = Debug|Any CPU
		{B9E7EB39-F473-4B70-B3D1-CE574BAED120}.Debug|Any CPU.Build.0 = Debug|Any CPU
		{B9E7EB39-F473-4B70-B3D1-CE574BAED120}.Release|Any CPU.ActiveCfg = Release|Any CPU
		{B9E7EB39-F473-4B70-B3D1-CE574BAED120}.Release|Any CPU.Build.0 = Release|Any CPU
		{61205A5B-1BDC-49F3-A1F5-981CA6DE7D0E}.Debug|Any CPU.ActiveCfg = Debug|Any CPU
		{61205A5B-1BDC-49F3-A1F5-981CA6DE7D0E}.Debug|Any CPU.Build.0 = Debug|Any CPU
		{61205A5B-1BDC-49F3-A1F5-981CA6DE7D0E}.Release|Any CPU.ActiveCfg = Release|Any CPU
		{61205A5B-1BDC-49F3-A1F5-981CA6DE7D0E}.Release|Any CPU.Build.0 = Release|Any CPU
		{04CE86E3-CEEC-4CA7-A2DB-BA24F4430A64}.Debug|Any CPU.ActiveCfg = Debug|Any CPU
		{04CE86E3-CEEC-4CA7-A2DB-BA24F4430A64}.Debug|Any CPU.Build.0 = Debug|Any CPU
		{04CE86E3-CEEC-4CA7-A2DB-BA24F4430A64}.Release|Any CPU.ActiveCfg = Release|Any CPU
		{04CE86E3-CEEC-4CA7-A2DB-BA24F4430A64}.Release|Any CPU.Build.0 = Release|Any CPU
		{8ACB1738-5DEC-4804-84FD-E39E498E3BB8}.Debug|Any CPU.ActiveCfg = Debug|Any CPU
		{8ACB1738-5DEC-4804-84FD-E39E498E3BB8}.Debug|Any CPU.Build.0 = Debug|Any CPU
		{8ACB1738-5DEC-4804-84FD-E39E498E3BB8}.Release|Any CPU.ActiveCfg = Release|Any CPU
		{8ACB1738-5DEC-4804-84FD-E39E498E3BB8}.Release|Any CPU.Build.0 = Release|Any CPU
		{F9359228-D981-4F5A-B9A4-D178A8B371C1}.Debug|Any CPU.ActiveCfg = Debug|Any CPU
		{F9359228-D981-4F5A-B9A4-D178A8B371C1}.Debug|Any CPU.Build.0 = Debug|Any CPU
		{F9359228-D981-4F5A-B9A4-D178A8B371C1}.Release|Any CPU.ActiveCfg = Release|Any CPU
		{F9359228-D981-4F5A-B9A4-D178A8B371C1}.Release|Any CPU.Build.0 = Release|Any CPU
		{4AB9B395-017A-494B-A685-985370374565}.Debug|Any CPU.ActiveCfg = Debug|Any CPU
		{4AB9B395-017A-494B-A685-985370374565}.Debug|Any CPU.Build.0 = Debug|Any CPU
		{4AB9B395-017A-494B-A685-985370374565}.Release|Any CPU.ActiveCfg = Release|Any CPU
		{4AB9B395-017A-494B-A685-985370374565}.Release|Any CPU.Build.0 = Release|Any CPU
		{E5F97D52-C842-4376-935F-C8132805C735}.Debug|Any CPU.ActiveCfg = Debug|Any CPU
		{E5F97D52-C842-4376-935F-C8132805C735}.Debug|Any CPU.Build.0 = Debug|Any CPU
		{E5F97D52-C842-4376-935F-C8132805C735}.Release|Any CPU.ActiveCfg = Release|Any CPU
		{E5F97D52-C842-4376-935F-C8132805C735}.Release|Any CPU.Build.0 = Release|Any CPU
		{0B06B5F6-8D8F-48E5-9A9E-6A4AFED09C54}.Debug|Any CPU.ActiveCfg = Debug|Any CPU
		{0B06B5F6-8D8F-48E5-9A9E-6A4AFED09C54}.Debug|Any CPU.Build.0 = Debug|Any CPU
		{0B06B5F6-8D8F-48E5-9A9E-6A4AFED09C54}.Release|Any CPU.ActiveCfg = Release|Any CPU
		{0B06B5F6-8D8F-48E5-9A9E-6A4AFED09C54}.Release|Any CPU.Build.0 = Release|Any CPU
		{915AEBDD-F9C8-4C2C-A65F-889593332225}.Debug|Any CPU.ActiveCfg = Debug|Any CPU
		{915AEBDD-F9C8-4C2C-A65F-889593332225}.Debug|Any CPU.Build.0 = Debug|Any CPU
		{915AEBDD-F9C8-4C2C-A65F-889593332225}.Release|Any CPU.ActiveCfg = Release|Any CPU
		{915AEBDD-F9C8-4C2C-A65F-889593332225}.Release|Any CPU.Build.0 = Release|Any CPU
		{2A2E21B8-78F7-42BF-9351-97E611967BAF}.Debug|Any CPU.ActiveCfg = Debug|Any CPU
		{2A2E21B8-78F7-42BF-9351-97E611967BAF}.Debug|Any CPU.Build.0 = Debug|Any CPU
		{2A2E21B8-78F7-42BF-9351-97E611967BAF}.Release|Any CPU.ActiveCfg = Release|Any CPU
		{2A2E21B8-78F7-42BF-9351-97E611967BAF}.Release|Any CPU.Build.0 = Release|Any CPU
		{6258AD12-418C-4461-BCC0-0A179B3EE954}.Debug|Any CPU.ActiveCfg = Debug|Any CPU
		{6258AD12-418C-4461-BCC0-0A179B3EE954}.Debug|Any CPU.Build.0 = Debug|Any CPU
		{6258AD12-418C-4461-BCC0-0A179B3EE954}.Release|Any CPU.ActiveCfg = Release|Any CPU
		{6258AD12-418C-4461-BCC0-0A179B3EE954}.Release|Any CPU.Build.0 = Release|Any CPU
		{3CB37780-6059-45EE-B1E4-49CB3BDEFF8A}.Debug|Any CPU.ActiveCfg = Debug|Any CPU
		{3CB37780-6059-45EE-B1E4-49CB3BDEFF8A}.Debug|Any CPU.Build.0 = Debug|Any CPU
		{3CB37780-6059-45EE-B1E4-49CB3BDEFF8A}.Release|Any CPU.ActiveCfg = Release|Any CPU
		{3CB37780-6059-45EE-B1E4-49CB3BDEFF8A}.Release|Any CPU.Build.0 = Release|Any CPU
		{6278D0D9-5CF9-4CB4-A98E-2790A8C8BB27}.Debug|Any CPU.ActiveCfg = Debug|Any CPU
		{6278D0D9-5CF9-4CB4-A98E-2790A8C8BB27}.Debug|Any CPU.Build.0 = Debug|Any CPU
		{6278D0D9-5CF9-4CB4-A98E-2790A8C8BB27}.Release|Any CPU.ActiveCfg = Release|Any CPU
		{6278D0D9-5CF9-4CB4-A98E-2790A8C8BB27}.Release|Any CPU.Build.0 = Release|Any CPU
		{F73F103B-AFD7-40CE-9829-673276A6843C}.Debug|Any CPU.ActiveCfg = Debug|Any CPU
		{F73F103B-AFD7-40CE-9829-673276A6843C}.Debug|Any CPU.Build.0 = Debug|Any CPU
		{F73F103B-AFD7-40CE-9829-673276A6843C}.Release|Any CPU.ActiveCfg = Release|Any CPU
		{F73F103B-AFD7-40CE-9829-673276A6843C}.Release|Any CPU.Build.0 = Release|Any CPU
		{FD7FA0D4-F366-4C80-8015-FB6E898EA46A}.Debug|Any CPU.ActiveCfg = Debug|Any CPU
		{FD7FA0D4-F366-4C80-8015-FB6E898EA46A}.Debug|Any CPU.Build.0 = Debug|Any CPU
		{FD7FA0D4-F366-4C80-8015-FB6E898EA46A}.Release|Any CPU.ActiveCfg = Release|Any CPU
		{FD7FA0D4-F366-4C80-8015-FB6E898EA46A}.Release|Any CPU.Build.0 = Release|Any CPU
		{B61C22E8-9395-4BB9-99BC-68A4220CD758}.Debug|Any CPU.ActiveCfg = Debug|Any CPU
		{B61C22E8-9395-4BB9-99BC-68A4220CD758}.Debug|Any CPU.Build.0 = Debug|Any CPU
		{B61C22E8-9395-4BB9-99BC-68A4220CD758}.Release|Any CPU.ActiveCfg = Release|Any CPU
		{B61C22E8-9395-4BB9-99BC-68A4220CD758}.Release|Any CPU.Build.0 = Release|Any CPU
		{B332B8EB-8F1E-41BC-A706-624123516A21}.Debug|Any CPU.ActiveCfg = Debug|Any CPU
		{B332B8EB-8F1E-41BC-A706-624123516A21}.Debug|Any CPU.Build.0 = Debug|Any CPU
		{B332B8EB-8F1E-41BC-A706-624123516A21}.Release|Any CPU.ActiveCfg = Release|Any CPU
		{B332B8EB-8F1E-41BC-A706-624123516A21}.Release|Any CPU.Build.0 = Release|Any CPU
		{5366826E-48BA-4B10-A95F-2A7A7332FCB0}.Debug|Any CPU.ActiveCfg = Debug|Any CPU
		{5366826E-48BA-4B10-A95F-2A7A7332FCB0}.Debug|Any CPU.Build.0 = Debug|Any CPU
		{5366826E-48BA-4B10-A95F-2A7A7332FCB0}.Release|Any CPU.ActiveCfg = Release|Any CPU
		{5366826E-48BA-4B10-A95F-2A7A7332FCB0}.Release|Any CPU.Build.0 = Release|Any CPU
	EndGlobalSection
	GlobalSection(SolutionProperties) = preSolution
		HideSolutionNode = FALSE
	EndGlobalSection
	GlobalSection(NestedProjects) = preSolution
		{B9E7EB39-F473-4B70-B3D1-CE574BAED120} = {ADAF62EC-106B-4477-883B-58FC44F7C0E3}
		{61205A5B-1BDC-49F3-A1F5-981CA6DE7D0E} = {ADAF62EC-106B-4477-883B-58FC44F7C0E3}
		{04CE86E3-CEEC-4CA7-A2DB-BA24F4430A64} = {ADAF62EC-106B-4477-883B-58FC44F7C0E3}
		{8ACB1738-5DEC-4804-84FD-E39E498E3BB8} = {ADAF62EC-106B-4477-883B-58FC44F7C0E3}
		{F9359228-D981-4F5A-B9A4-D178A8B371C1} = {ADAF62EC-106B-4477-883B-58FC44F7C0E3}
		{4AB9B395-017A-494B-A685-985370374565} = {ADAF62EC-106B-4477-883B-58FC44F7C0E3}
		{E5F97D52-C842-4376-935F-C8132805C735} = {ADAF62EC-106B-4477-883B-58FC44F7C0E3}
		{0B06B5F6-8D8F-48E5-9A9E-6A4AFED09C54} = {ADAF62EC-106B-4477-883B-58FC44F7C0E3}
		{915AEBDD-F9C8-4C2C-A65F-889593332225} = {0D96491B-CBF8-403A-9AE5-2A259A554ECD}
		{2A2E21B8-78F7-42BF-9351-97E611967BAF} = {0D96491B-CBF8-403A-9AE5-2A259A554ECD}
		{6258AD12-418C-4461-BCC0-0A179B3EE954} = {0D96491B-CBF8-403A-9AE5-2A259A554ECD}
		{3CB37780-6059-45EE-B1E4-49CB3BDEFF8A} = {0D96491B-CBF8-403A-9AE5-2A259A554ECD}
		{6278D0D9-5CF9-4CB4-A98E-2790A8C8BB27} = {0D96491B-CBF8-403A-9AE5-2A259A554ECD}
		{F73F103B-AFD7-40CE-9829-673276A6843C} = {0D96491B-CBF8-403A-9AE5-2A259A554ECD}
		{FD7FA0D4-F366-4C80-8015-FB6E898EA46A} = {255529A0-91B4-4FFA-9908-8C849104A796}
		{B61C22E8-9395-4BB9-99BC-68A4220CD758} = {255529A0-91B4-4FFA-9908-8C849104A796}
	EndGlobalSection
EndGlobal
